
Microsoft Visual Studio Solution File, Format Version 12.00
Project("{FAE04EC0-301F-11D3-BF4B-00C04F79EFBC}") = "Enigpus", "Enigpus\Enigpus.csproj", "{A4A439AF-801D-4DCD-9CDE-72EB269DCEC2}"
EndProject
Global
	GlobalSection(SolutionConfigurationPlatforms) = preSolution
		Debug|Any CPU = Debug|Any CPU
		Release|Any CPU = Release|Any CPU
	EndGlobalSection
	GlobalSection(ProjectConfigurationPlatforms) = postSolution
		{A4A439AF-801D-4DCD-9CDE-72EB269DCEC2}.Debug|Any CPU.ActiveCfg = Debug|Any CPU
		{A4A439AF-801D-4DCD-9CDE-72EB269DCEC2}.Debug|Any CPU.Build.0 = Debug|Any CPU
		{A4A439AF-801D-4DCD-9CDE-72EB269DCEC2}.Release|Any CPU.ActiveCfg = Release|Any CPU
		{A4A439AF-801D-4DCD-9CDE-72EB269DCEC2}.Release|Any CPU.Build.0 = Release|Any CPU
	EndGlobalSection
EndGlobal
